
Microsoft Visual Studio Solution File, Format Version 12.00
# Visual Studio Version 17
VisualStudioVersion = 17.6.33815.320
MinimumVisualStudioVersion = 10.0.40219.1
Project("{FAE04EC0-301F-11D3-BF4B-00C04F79EFBC}") = "Mediator", "Mediator.csproj", "{8E0748C3-FD73-462E-A7D8-140DAB8F6BE8}"
EndProject
Global
	GlobalSection(SolutionConfigurationPlatforms) = preSolution
		Debug|Any CPU = Debug|Any CPU
		Release|Any CPU = Release|Any CPU
	EndGlobalSection
	GlobalSection(ProjectConfigurationPlatforms) = postSolution
		{8E0748C3-FD73-462E-A7D8-140DAB8F6BE8}.Debug|Any CPU.ActiveCfg = Debug|Any CPU
		{8E0748C3-FD73-462E-A7D8-140DAB8F6BE8}.Debug|Any CPU.Build.0 = Debug|Any CPU
		{8E0748C3-FD73-462E-A7D8-140DAB8F6BE8}.Release|Any CPU.ActiveCfg = Release|Any CPU
		{8E0748C3-FD73-462E-A7D8-140DAB8F6BE8}.Release|Any CPU.Build.0 = Release|Any CPU
	EndGlobalSection
	GlobalSection(SolutionProperties) = preSolution
		HideSolutionNode = FALSE
	EndGlobalSection
	GlobalSection(ExtensibilityGlobals) = postSolution
		SolutionGuid = {1B7C5C04-4287-41CC-A204-0D70FDF1F01D}
	EndGlobalSection
EndGlobal
